<?xml version="1.0" encoding="utf-8"?>
<Project ToolsVersion="4.0" xmlns="http://schemas.microsoft.com/developer/msbuild/2003">
  <ItemGroup>
    <Filter Include="소스 파일">
      <UniqueIdentifier>{4FC737F1-C7A5-4376-A066-2A32D752A2FF}</UniqueIdentifier>
      <Extensions>cpp;c;cc;cxx;c++;cppm;ixx;def;odl;idl;hpj;bat;asm;asmx</Extensions>
    </Filter>
    <Filter Include="헤더 파일">
      <UniqueIdentifier>{93995380-89BD-4b04-88EB-625FBE52EBFB}</UniqueIdentifier>
      <Extensions>h;hh;hpp;hxx;h++;hm;inl;inc;ipp;xsd</Extensions>
    </Filter>
    <Filter Include="리소스 파일">
      <UniqueIdentifier>{67DA6AB6-F800-4c08-8B7A-83BB121AAD01}</UniqueIdentifier>
      <Extensions>rc;ico;cur;bmp;dlg;rc2;rct;bin;rgs;gif;jpg;jpeg;jpe;resx;tiff;tif;png;wav;mfcribbon-ms</Extensions>
    </Filter>
    <Filter Include="Packet">
      <UniqueIdentifier>{b2168ef9-02fc-489b-96b0-85f22ba5bfa6}</UniqueIdentifier>
    </Filter>
    <Filter Include="Managers">
      <UniqueIdentifier>{4b0c7eb9-f7e8-43a8-978d-c4da389b4b01}</UniqueIdentifier>
    </Filter>
    <Filter Include="Network">
      <UniqueIdentifier>{bb4be494-14bc-4fa1-9080-43a210db29ae}</UniqueIdentifier>
    </Filter>
  </ItemGroup>
  <ItemGroup>
    <ClCompile Include="Main.cpp">
      <Filter>소스 파일</Filter>
    </ClCompile>
    <ClCompile Include="ServerApp.cpp">
      <Filter>소스 파일</Filter>
    </ClCompile>
    <ClCompile Include="Packet\PacketHandler.cpp">
      <Filter>Packet</Filter>
    </ClCompile>
    <ClCompile Include="Managers\SessionManager.cpp">
      <Filter>Managers</Filter>
    </ClCompile>
    <ClCompile Include="Network\Selector.cpp">
      <Filter>Network</Filter>
    </ClCompile>
    <ClCompile Include="Network\Session.cpp">
      <Filter>Network</Filter>
    </ClCompile>
    <ClCompile Include="Network\TCPListener.cpp">
      <Filter>Network</Filter>
    </ClCompile>
    <ClCompile Include="Network\User.cpp">
      <Filter>Network</Filter>
    </ClCompile>
    <ClCompile Include="Managers\RoomManager.cpp">
      <Filter>Managers</Filter>
    </ClCompile>
    <ClCompile Include="Network\Room.cpp">
      <Filter>Network</Filter>
    </ClCompile>
    <ClCompile Include="Managers\UserManager.cpp">
      <Filter>Managers</Filter>
    </ClCompile>
    <ClCompile Include="Game.cpp">
      <Filter>소스 파일</Filter>
    </ClCompile>
    <ClCompile Include="Managers\GameManager.cpp">
      <Filter>Managers</Filter>
    </ClCompile>
    <ClCompile Include="Managers\SkillManager.cpp">
      <Filter>Managers</Filter>
    </ClCompile>
    <ClCompile Include="..\dist\jsoncpp.cpp">
      <Filter>소스 파일</Filter>
    </ClCompile>
    <ClCompile Include="Skill.cpp">
      <Filter>소스 파일</Filter>
    </ClCompile>
    <ClCompile Include="SkillAttack.cpp">
      <Filter>소스 파일</Filter>
    </ClCompile>
    <ClCompile Include="SkillHeal.cpp">
      <Filter>소스 파일</Filter>
    </ClCompile>
  </ItemGroup>
  <ItemGroup>
    <ClInclude Include="Setting.h">
      <Filter>헤더 파일</Filter>
    </ClInclude>
    <ClInclude Include="ServerApp.h">
      <Filter>헤더 파일</Filter>
    </ClInclude>
    <ClInclude Include="Packet\PacketHandler.h">
      <Filter>Packet</Filter>
    </ClInclude>
    <ClInclude Include="Managers\SessionManager.h">
      <Filter>Managers</Filter>
    </ClInclude>
    <ClInclude Include="Network\Selector.h">
      <Filter>Network</Filter>
    </ClInclude>
    <ClInclude Include="Network\Session.h">
      <Filter>Network</Filter>
    </ClInclude>
    <ClInclude Include="Network\TCPListener.h">
      <Filter>Network</Filter>
    </ClInclude>
    <ClInclude Include="Network\User.h">
      <Filter>Network</Filter>
    </ClInclude>
    <ClInclude Include="Managers\RoomManager.h">
      <Filter>Managers</Filter>
    </ClInclude>
    <ClInclude Include="Network\Room.h">
      <Filter>Network</Filter>
    </ClInclude>
    <ClInclude Include="Managers\UserManager.h">
      <Filter>Managers</Filter>
    </ClInclude>
    <ClInclude Include="Game.h">
      <Filter>헤더 파일</Filter>
    </ClInclude>
    <ClInclude Include="Managers\GameManager.h">
      <Filter>Managers</Filter>
    </ClInclude>
    <ClInclude Include="Defines.h">
      <Filter>헤더 파일</Filter>
    </ClInclude>
    <ClInclude Include="Managers\SkillManager.h">
      <Filter>Managers</Filter>
    </ClInclude>
    <ClInclude Include="..\dist\json\json.h">
      <Filter>헤더 파일</Filter>
    </ClInclude>
    <ClInclude Include="..\dist\json\json-forwards.h">
      <Filter>헤더 파일</Filter>
    </ClInclude>
    <ClInclude Include="Skill.h">
      <Filter>헤더 파일</Filter>
    </ClInclude>
    <ClInclude Include="SkillAttack.h">
      <Filter>헤더 파일</Filter>
    </ClInclude>
    <ClInclude Include="SkillHeal.h">
      <Filter>헤더 파일</Filter>
    </ClInclude>
  </ItemGroup>
</Project>